Microsoft Visual Studio Solution File, Format Version 12.00
# Visual Studio Version 17
VisualStudioVersion = 17.0.31903.59
MinimumVisualStudioVersion = 10.0.40219.1
Project("{2150E333-8FDC-42A3-9474-1A3956D46DE8}") = "src", "src", "{E4E4A3F1-5B5F-4F5F-8F8F-1F1F1F1F1F1F}"
EndProject
Project("{2150E333-8FDC-42A3-9474-1A3956D46DE8}") = "Core", "Core", "{C4C4A3F1-5B5F-4F5F-8F8F-1F1F1F1F1F1F}"
EndProject
Project("{2150E333-8FDC-42A3-9474-1A3956D46DE8}") = "Infrastructure", "Infrastructure", "{C33FF666-CF3E-4638-84AC-E719B6E5F55E}"
EndProject
Project("{2150E333-8FDC-42A3-9474-1A3956D46DE8}") = "Presentation", "Presentation", "{7193B1A9-3635-4648-8A5A-23AA90C55BCC}"
EndProject
Project("{FAE04EC0-301F-11D3-BF4B-00C04F79EFBC}") = "BlogApp.Domain", "src\Core\BlogApp.Domain\BlogApp.Domain.csproj", "{D1D1A3F1-5B5F-4F5F-8F8F-1F1F1F1F1F1F}"
EndProject
Project("{FAE04EC0-301F-11D3-BF4B-00C04F79EFBC}") = "BlogApp.Application", "src\Core\BlogApp.Application\BlogApp.Application.csproj", "{A1A1A3F1-5B5F-4F5F-8F8F-1F1F1F1F1F1F}"
EndProject
Project("{FAE04EC0-301F-11D3-BF4B-00C04F79EFBC}") = "BlogApp.Persistence", "src\Infrastructure\BlogApp.Persistence\BlogApp.Persistence.csproj", "{CBE1C968-28A7-4A23-BCF2-F725585AB0F9}"
EndProject
Project("{FAE04EC0-301F-11D3-BF4B-00C04F79EFBC}") = "BlogApp.Infrastructure", "src\Infrastructure\BlogApp.Infrastructure\BlogApp.Infrastructure.csproj", "{F11F7EB1-BC40-466F-A5A6-38D2D922DCB5}"
EndProject
Project("{FAE04EC0-301F-11D3-BF4B-00C04F79EFBC}") = "BlogApp.Web", "src\Presentation\BlogApp.Web\BlogApp.Web.csproj", "{C83EBABA-8C06-4D17-96C1-F31AA354ADCC}"
EndProject
Global
	GlobalSection(SolutionConfigurationPlatforms) = preSolution
		Debug|Any CPU = Debug|Any CPU
		Release|Any CPU = Release|Any CPU
	EndGlobalSection
	GlobalSection(ProjectConfigurationPlatforms) = postSolution
		{D1D1A3F1-5B5F-4F5F-8F8F-1F1F1F1F1F1F}.Debug|Any CPU.ActiveCfg = Debug|Any CPU
		{D1D1A3F1-5B5F-4F5F-8F8F-1F1F1F1F1F1F}.Debug|Any CPU.Build.0 = Debug|Any CPU
		{D1D1A3F1-5B5F-4F5F-8F8F-1F1F1F1F1F1F}.Release|Any CPU.ActiveCfg = Release|Any CPU
		{D1D1A3F1-5B5F-4F5F-8F8F-1F1F1F1F1F1F}.Release|Any CPU.Build.0 = Release|Any CPU
		{A1A1A3F1-5B5F-4F5F-8F8F-1F1F1F1F1F1F}.Debug|Any CPU.ActiveCfg = Debug|Any CPU
		{A1A1A3F1-5B5F-4F5F-8F8F-1F1F1F1F1F1F}.Debug|Any CPU.Build.0 = Debug|Any CPU
		{A1A1A3F1-5B5F-4F5F-8F8F-1F1F1F1F1F1F}.Release|Any CPU.ActiveCfg = Release|Any CPU
		{A1A1A3F1-5B5F-4F5F-8F8F-1F1F1F1F1F1F}.Release|Any CPU.Build.0 = Release|Any CPU
		{CBE1C968-28A7-4A23-BCF2-F725585AB0F9}.Debug|Any CPU.ActiveCfg = Debug|Any CPU
		{CBE1C968-28A7-4A23-BCF2-F725585AB0F9}.Debug|Any CPU.Build.0 = Debug|Any CPU
		{CBE1C968-28A7-4A23-BCF2-F725585AB0F9}.Release|Any CPU.ActiveCfg = Release|Any CPU
		{CBE1C968-28A7-4A23-BCF2-F725585AB0F9}.Release|Any CPU.Build.0 = Release|Any CPU
		{F11F7EB1-BC40-466F-A5A6-38D2D922DCB5}.Debug|Any CPU.ActiveCfg = Debug|Any CPU
		{F11F7EB1-BC40-466F-A5A6-38D2D922DCB5}.Debug|Any CPU.Build.0 = Debug|Any CPU
		{F11F7EB1-BC40-466F-A5A6-38D2D922DCB5}.Release|Any CPU.ActiveCfg = Release|Any CPU
		{F11F7EB1-BC40-466F-A5A6-38D2D922DCB5}.Release|Any CPU.Build.0 = Release|Any CPU
		{C83EBABA-8C06-4D17-96C1-F31AA354ADCC}.Debug|Any CPU.ActiveCfg = Debug|Any CPU
		{C83EBABA-8C06-4D17-96C1-F31AA354ADCC}.Debug|Any CPU.Build.0 = Debug|Any CPU
		{C83EBABA-8C06-4D17-96C1-F31AA354ADCC}.Release|Any CPU.ActiveCfg = Release|Any CPU
		{C83EBABA-8C06-4D17-96C1-F31AA354ADCC}.Release|Any CPU.Build.0 = Release|Any CPU
	EndGlobalSection
	GlobalSection(SolutionProperties) = preSolution
		HideSolutionNode = FALSE
	EndGlobalSection
	GlobalSection(NestedProjects) = preSolution
		{C4C4A3F1-5B5F-4F5F-8F8F-1F1F1F1F1F1F} = {E4E4A3F1-5B5F-4F5F-8F8F-1F1F1F1F1F1F}
		{C33FF666-CF3E-4638-84AC-E719B6E5F55E} = {E4E4A3F1-5B5F-4F5F-8F8F-1F1F1F1F1F1F}
		{7193B1A9-3635-4648-8A5A-23AA90C55BCC} = {E4E4A3F1-5B5F-4F5F-8F8F-1F1F1F1F1F1F}
		{D1D1A3F1-5B5F-4F5F-8F8F-1F1F1F1F1F1F} = {C4C4A3F1-5B5F-4F5F-8F8F-1F1F1F1F1F1F}
		{A1A1A3F1-5B5F-4F5F-8F8F-1F1F1F1F1F1F} = {C4C4A3F1-5B5F-4F5F-8F8F-1F1F1F1F1F1F}
		{CBE1C968-28A7-4A23-BCF2-F725585AB0F9} = {C33FF666-CF3E-4638-84AC-E719B6E5F55E}
		{F11F7EB1-BC40-466F-A5A6-38D2D922DCB5} = {C33FF666-CF3E-4638-84AC-E719B6E5F55E}
		{C83EBABA-8C06-4D17-96C1-F31AA354ADCC} = {7193B1A9-3635-4648-8A5A-23AA90C55BCC}
	EndGlobalSection
	GlobalSection(ExtensibilityGlobals) = postSolution
		SolutionGuid = {88760BCB-B963-4D70-ADFD-E77EB2F63F87}
	EndGlobalSection
EndGlobal
